// !$*UTF8*$!
{
	archiveVersion = 1;
	classes = {
	};
	objectVersion = 46;
	objects = {

/* Begin PBXBuildFile section */
		F08A51E81E8B02F900DE5516 /* AppDelegate.swift in Sources */ = {isa = PBXBuildFile; fileRef = F08A51E71E8B02F900DE5516 /* AppDelegate.swift */; };
		F08A51EA1E8B02F900DE5516 /* Home.swift in Sources */ = {isa = PBXBuildFile; fileRef = F08A51E91E8B02F900DE5516 /* Home.swift */; };
		F08A51EC1E8B02F900DE5516 /* Moves.swift in Sources */ = {isa = PBXBuildFile; fileRef = F08A51EB1E8B02F900DE5516 /* Moves.swift */; };
		F08A51EF1E8B02F900DE5516 /* Main.storyboard in Resources */ = {isa = PBXBuildFile; fileRef = F08A51ED1E8B02F900DE5516 /* Main.storyboard */; };
		F08A51F11E8B02F900DE5516 /* Assets.xcassets in Resources */ = {isa = PBXBuildFile; fileRef = F08A51F01E8B02F900DE5516 /* Assets.xcassets */; };
		F08A51F41E8B02F900DE5516 /* LaunchScreen.storyboard in Resources */ = {isa = PBXBuildFile; fileRef = F08A51F21E8B02F900DE5516 /* LaunchScreen.storyboard */; };
		F08A51FF1E8B02F900DE5516 /* ARHSFinalTests.swift in Sources */ = {isa = PBXBuildFile; fileRef = F08A51FE1E8B02F900DE5516 /* ARHSFinalTests.swift */; };
		F08A520A1E8B02F900DE5516 /* ARHSFinalUITests.swift in Sources */ = {isa = PBXBuildFile; fileRef = F08A52091E8B02F900DE5516 /* ARHSFinalUITests.swift */; };
/* End PBXBuildFile section */

/* Begin PBXContainerItemProxy section */
		F08A51FB1E8B02F900DE5516 /* PBXContainerItemProxy */ = {
			isa = PBXContainerItemProxy;
			containerPortal = F08A51DC1E8B02F800DE5516 /* Project object */;
			proxyType = 1;
			remoteGlobalIDString = F08A51E31E8B02F800DE5516;
			remoteInfo = ARHSFinal;
		};
		F08A52061E8B02F900DE5516 /* PBXContainerItemProxy */ = {
			isa = PBXContainerItemProxy;
			containerPortal = F08A51DC1E8B02F800DE5516 /* Project object */;
			proxyType = 1;
			remoteGlobalIDString = F08A51E31E8B02F800DE5516;
			remoteInfo = ARHSFinal;
		};
/* End PBXContainerItemProxy section */

/* Begin PBXFileReference section */
		F08A51E41E8B02F900DE5516 /* ARHSFinal.app */ = {isa = PBXFileReference; explicitFileType = wrapper.application; includeInIndex = 0; path = ARHSFinal.app; sourceTree = BUILT_PRODUCTS_DIR; };
		F08A51E71E8B02F900DE5516 /* AppDelegate.swift */ = {isa = PBXFileReference; lastKnownFileType = sourcecode.swift; path = AppDelegate.swift; sourceTree = "<group>"; };
		F08A51E91E8B02F900DE5516 /* Home.swift */ = {isa = PBXFileReference; lastKnownFileType = sourcecode.swift; path = Home.swift; sourceTree = "<group>"; };
		F08A51EB1E8B02F900DE5516 /* Moves.swift */ = {isa = PBXFileReference; lastKnownFileType = sourcecode.swift; path = Moves.swift; sourceTree = "<group>"; };
		F08A51EE1E8B02F900DE5516 /* Base */ = {isa = PBXFileReference; lastKnownFileType = file.storyboard; name = Base; path = Base.lproj/Main.storyboard; sourceTree = "<group>"; };
		F08A51F01E8B02F900DE5516 /* Assets.xcassets */ = {isa = PBXFileReference; lastKnownFileType = folder.assetcatalog; path = Assets.xcassets; sourceTree = "<group>"; };
		F08A51F31E8B02F900DE5516 /* Base */ = {isa = PBXFileReference; lastKnownFileType = file.storyboard; name = Base; path = Base.lproj/LaunchScreen.storyboard; sourceTree = "<group>"; };
		F08A51F51E8B02F900DE5516 /* Info.plist */ = {isa = PBXFileReference; lastKnownFileType = text.plist.xml; path = Info.plist; sourceTree = "<group>"; };
		F08A51FA1E8B02F900DE5516 /* ARHSFinalTests.xctest */ = {isa = PBXFileReference; explicitFileType = wrapper.cfbundle; includeInIndex = 0; path = ARHSFinalTests.xctest; sourceTree = BUILT_PRODUCTS_DIR; };
		F08A51FE1E8B02F900DE5516 /* ARHSFinalTests.swift */ = {isa = PBXFileReference; lastKnownFileType = sourcecode.swift; path = ARHSFinalTests.swift; sourceTree = "<group>"; };
		F08A52001E8B02F900DE5516 /* Info.plist */ = {isa = PBXFileReference; lastKnownFileType = text.plist.xml; path = Info.plist; sourceTree = "<group>"; };
		F08A52051E8B02F900DE5516 /* ARHSFinalUITests.xctest */ = {isa = PBXFileReference; explicitFileType = wrapper.cfbundle; includeInIndex = 0; path = ARHSFinalUITests.xctest; sourceTree = BUILT_PRODUCTS_DIR; };
		F08A52091E8B02F900DE5516 /* ARHSFinalUITests.swift */ = {isa = PBXFileReference; lastKnownFileType = sourcecode.swift; path = ARHSFinalUITests.swift; sourceTree = "<group>"; };
		F08A520B1E8B02F900DE5516 /* Info.plist */ = {isa = PBXFileReference; lastKnownFileType = text.plist.xml; path = Info.plist; sourceTree = "<group>"; };
/* End PBXFileReference section */

/* Begin PBXFrameworksBuildPhase section */
		F08A51E11E8B02F800DE5516 /* Frameworks */ = {
			isa = PBXFrameworksBuildPhase;
			buildActionMask = 2147483647;
			files = (
			);
			runOnlyForDeploymentPostprocessing = 0;
		};
		F08A51F71E8B02F900DE5516 /* Frameworks */ = {
			isa = PBXFrameworksBuildPhase;
			buildActionMask = 2147483647;
			files = (
			);
			runOnlyForDeploymentPostprocessing = 0;
		};
		F08A52021E8B02F900DE5516 /* Frameworks */ = {
			isa = PBXFrameworksBuildPhase;
			buildActionMask = 2147483647;
			files = (
			);
			runOnlyForDeploymentPostprocessing = 0;
		};
/* End PBXFrameworksBuildPhase section */

/* Begin PBXGroup section */
		F08A51DB1E8B02F800DE5516 = {
			isa = PBXGroup;
			children = (
				F08A51E61E8B02F900DE5516 /* ARHSFinal */,
				F08A51FD1E8B02F900DE5516 /* ARHSFinalTests */,
				F08A52081E8B02F900DE5516 /* ARHSFinalUITests */,
				F08A51E51E8B02F900DE5516 /* Products */,
			);
			sourceTree = "<group>";
		};
		F08A51E51E8B02F900DE5516 /* Products */ = {
			isa = PBXGroup;
			children = (
				F08A51E41E8B02F900DE5516 /* ARHSFinal.app */,
				F08A51FA1E8B02F900DE5516 /* ARHSFinalTests.xctest */,
				F08A52051E8B02F900DE5516 /* ARHSFinalUITests.xctest */,
			);
			name = Products;
			sourceTree = "<group>";
		};
		F08A51E61E8B02F900DE5516 /* ARHSFinal */ = {
			isa = PBXGroup;
			children = (
				F08A51E71E8B02F900DE5516 /* AppDelegate.swift */,
				F08A51E91E8B02F900DE5516 /* Home.swift */,
				F08A51EB1E8B02F900DE5516 /* Moves.swift */,
				F08A51ED1E8B02F900DE5516 /* Main.storyboard */,
				F08A51F01E8B02F900DE5516 /* Assets.xcassets */,
				F08A51F21E8B02F900DE5516 /* LaunchScreen.storyboard */,
				F08A51F51E8B02F900DE5516 /* Info.plist */,
			);
			path = ARHSFinal;
			sourceTree = "<group>";
		};
		F08A51FD1E8B02F900DE5516 /* ARHSFinalTests */ = {
			isa = PBXGroup;
			children = (
				F08A51FE1E8B02F900DE5516 /* ARHSFinalTests.swift */,
				F08A52001E8B02F900DE5516 /* Info.plist */,
			);
			path = ARHSFinalTests;
			sourceTree = "<group>";
		};
		F08A52081E8B02F900DE5516 /* ARHSFinalUITests */ = {
			isa = PBXGroup;
			children = (
				F08A52091E8B02F900DE5516 /* ARHSFinalUITests.swift */,
				F08A520B1E8B02F900DE5516 /* Info.plist */,
			);
			path = ARHSFinalUITests;
			sourceTree = "<group>";
		};
/* End PBXGroup section */

/* Begin PBXNativeTarget section */
		F08A51E31E8B02F800DE5516 /* ARHSFinal */ = {
			isa = PBXNativeTarget;
			buildConfigurationList = F08A520E1E8B02F900DE5516 /* Build configuration list for PBXNativeTarget "ARHSFinal" */;
			buildPhases = (
				F08A51E01E8B02F800DE5516 /* Sources */,
				F08A51E11E8B02F800DE5516 /* Frameworks */,
				F08A51E21E8B02F800DE5516 /* Resources */,
			);
			buildRules = (
			);
			dependencies = (
			);
			name = ARHSFinal;
			productName = ARHSFinal;
			productReference = F08A51E41E8B02F900DE5516 /* ARHSFinal.app */;
			productType = "com.apple.product-type.application";
		};
		F08A51F91E8B02F900DE5516 /* ARHSFinalTests */ = {
			isa = PBXNativeTarget;
			buildConfigurationList = F08A52111E8B02F900DE5516 /* Build configuration list for PBXNativeTarget "ARHSFinalTests" */;
			buildPhases = (
				F08A51F61E8B02F900DE5516 /* Sources */,
				F08A51F71E8B02F900DE5516 /* Frameworks */,
				F08A51F81E8B02F900DE5516 /* Resources */,
			);
			buildRules = (
			);
			dependencies = (
				F08A51FC1E8B02F900DE5516 /* PBXTargetDependency */,
			);
			name = ARHSFinalTests;
			productName = ARHSFinalTests;
			productReference = F08A51FA1E8B02F900DE5516 /* ARHSFinalTests.xctest */;
			productType = "com.apple.product-type.bundle.unit-test";
		};
		F08A52041E8B02F900DE5516 /* ARHSFinalUITests */ = {
			isa = PBXNativeTarget;
			buildConfigurationList = F08A52141E8B02F900DE5516 /* Build configuration list for PBXNativeTarget "ARHSFinalUITests" */;
			buildPhases = (
				F08A52011E8B02F900DE5516 /* Sources */,
				F08A52021E8B02F900DE5516 /* Frameworks */,
				F08A52031E8B02F900DE5516 /* Resources */,
			);
			buildRules = (
			);
			dependencies = (
				F08A52071E8B02F900DE5516 /* PBXTargetDependency */,
			);
			name = ARHSFinalUITests;
			productName = ARHSFinalUITests;
			productReference = F08A52051E8B02F900DE5516 /* ARHSFinalUITests.xctest */;
			productType = "com.apple.product-type.bundle.ui-testing";
		};
/* End PBXNativeTarget section */

/* Begin PBXProject section */
		F08A51DC1E8B02F800DE5516 /* Project object */ = {
			isa = PBXProject;
			attributes = {
				LastSwiftUpdateCheck = 0820;
				LastUpgradeCheck = 0820;
				ORGANIZATIONNAME = "Jabriel Millen Andrade";
				TargetAttributes = {
					F08A51E31E8B02F800DE5516 = {
						CreatedOnToolsVersion = 8.2.1;
						DevelopmentTeam = XBUHU765D2;
						ProvisioningStyle = Automatic;
					};
					F08A51F91E8B02F900DE5516 = {
						CreatedOnToolsVersion = 8.2.1;
						DevelopmentTeam = XBUHU765D2;
						ProvisioningStyle = Automatic;
						TestTargetID = F08A51E31E8B02F800DE5516;
					};
					F08A52041E8B02F900DE5516 = {
						CreatedOnToolsVersion = 8.2.1;
						DevelopmentTeam = XBUHU765D2;
						ProvisioningStyle = Automatic;
						TestTargetID = F08A51E31E8B02F800DE5516;
					};
				};
			};
			buildConfigurationList = F08A51DF1E8B02F800DE5516 /* Build configuration list for PBXProject "ARHSFinal" */;
			compatibilityVersion = "Xcode 3.2";
			developmentRegion = English;
			hasScannedForEncodings = 0;
			knownRegions = (
				en,
				Base,
			);
			mainGroup = F08A51DB1E8B02F800DE5516;
			productRefGroup = F08A51E51E8B02F900DE5516 /* Products */;
			projectDirPath = "";
			projectRoot = "";
			targets = (
				F08A51E31E8B02F800DE5516 /* ARHSFinal */,
				F08A51F91E8B02F900DE5516 /* ARHSFinalTests */,
				F08A52041E8B02F900DE5516 /* ARHSFinalUITests */,
			);
		};
/* End PBXProject section */

/* Begin PBXResourcesBuildPhase section */
		F08A51E21E8B02F800DE5516 /* Resources */ = {
			isa = PBXResourcesBuildPhase;
			buildActionMask = 2147483647;
			files = (
				F08A51F41E8B02F900DE5516 /* LaunchScreen.storyboard in Resources */,
				F08A51F11E8B02F900DE5516 /* Assets.xcassets in Resources */,
				F08A51EF1E8B02F900DE5516 /* Main.storyboard in Resources */,
			);
			runOnlyForDeploymentPostprocessing = 0;
		};
		F08A51F81E8B02F900DE5516 /* Resources */ = {
			isa = PBXResourcesBuildPhase;
			buildActionMask = 2147483647;
			files = (
			);
			runOnlyForDeploymentPostprocessing = 0;
		};
		F08A52031E8B02F900DE5516 /* Resources */ = {
			isa = PBXResourcesBuildPhase;
			buildActionMask = 2147483647;
			files = (
			);
			runOnlyForDeploymentPostprocessing = 0;
		};
/* End PBXResourcesBuildPhase section */

/* Begin PBXSourcesBuildPhase section */
		F08A51E01E8B02F800DE5516 /* Sources */ = {
			isa = PBXSourcesBuildPhase;
			buildActionMask = 2147483647;
			files = (
				F08A51EC1E8B02F900DE5516 /* Moves.swift in Sources */,
				F08A51E81E8B02F900DE5516 /* AppDelegate.swift in Sources */,
				F08A51EA1E8B02F900DE5516 /* Home.swift in Sources */,
			);
			runOnlyForDeploymentPostprocessing = 0;
		};
		F08A51F61E8B02F900DE5516 /* Sources */ = {
			isa = PBXSourcesBuildPhase;
			buildActionMask = 2147483647;
			files = (
				F08A51FF1E8B02F900DE5516 /* ARHSFinalTests.swift in Sources */,
			);
			runOnlyForDeploymentPostprocessing = 0;
		};
		F08A52011E8B02F900DE5516 /* Sources */ = {
			isa = PBXSourcesBuildPhase;
			buildActionMask = 2147483647;
			files = (
				F08A520A1E8B02F900DE5516 /* ARHSFinalUITests.swift in Sources */,
			);
			runOnlyForDeploymentPostprocessing = 0;
		};
/* End PBXSourcesBuildPhase section */

/* Begin PBXTargetDependency section */
		F08A51FC1E8B02F900DE5516 /* PBXTargetDependency */ = {
			isa = PBXTargetDependency;
			target = F08A51E31E8B02F800DE5516 /* ARHSFinal */;
			targetProxy = F08A51FB1E8B02F900DE5516 /* PBXContainerItemProxy */;
		};
		F08A52071E8B02F900DE5516 /* PBXTargetDependency */ = {
			isa = PBXTargetDependency;
			target = F08A51E31E8B02F800DE5516 /* ARHSFinal */;
			targetProxy = F08A52061E8B02F900DE5516 /* PBXContainerItemProxy */;
		};
/* End PBXTargetDependency section */

/* Begin PBXVariantGroup section */
		F08A51ED1E8B02F900DE5516 /* Main.storyboard */ = {
			isa = PBXVariantGroup;
			children = (
				F08A51EE1E8B02F900DE5516 /* Base */,
			);
			name = Main.storyboard;
			sourceTree = "<group>";
		};
		F08A51F21E8B02F900DE5516 /* LaunchScreen.storyboard */ = {
			isa = PBXVariantGroup;
			children = (
				F08A51F31E8B02F900DE5516 /* Base */,
			);
			name = LaunchScreen.storyboard;
			sourceTree = "<group>";
		};
/* End PBXVariantGroup section */

/* Begin XCBuildConfiguration section */
		F08A520C1E8B02F900DE5516 /* Debug */ = {
			isa = XCBuildConfiguration;
			buildSettings = {
				ALWAYS_SEARCH_USER_PATHS = NO;
				CLANG_ANALYZER_NONNULL = YES;
				CLANG_CXX_LANGUAGE_STANDARD = "gnu++0x";
				CLANG_CXX_LIBRARY = "libc++";
				CLANG_ENABLE_MODULES = YES;
				CLANG_ENABLE_OBJC_ARC = YES;
				CLANG_WARN_BOOL_CONVERSION = YES;
				CLANG_WARN_CONSTANT_CONVERSION = YES;
				CLANG_WARN_DIRECT_OBJC_ISA_USAGE = YES_ERROR;
				CLANG_WARN_DOCUMENTATION_COMMENTS = YES;
				CLANG_WARN_EMPTY_BODY = YES;
				CLANG_WARN_ENUM_CONVERSION = YES;
				CLANG_WARN_INFINITE_RECURSION = YES;
				CLANG_WARN_INT_CONVERSION = YES;
				CLANG_WARN_OBJC_ROOT_CLASS = YES_ERROR;
				CLANG_WARN_SUSPICIOUS_MOVE = YES;
				CLANG_WARN_UNREACHABLE_CODE = YES;
				CLANG_WARN__DUPLICATE_METHOD_MATCH = YES;
				"CODE_SIGN_IDENTITY[sdk=iphoneos*]" = "iPhone Developer";
				COPY_PHASE_STRIP = NO;
				DEBUG_INFORMATION_FORMAT = dwarf;
				ENABLE_STRICT_OBJC_MSGSEND = YES;
				ENABLE_TESTABILITY = YES;
				GCC_C_LANGUAGE_STANDARD = gnu99;
				GCC_DYNAMIC_NO_PIC = NO;
				GCC_NO_COMMON_BLOCKS = YES;
				GCC_OPTIMIZATION_LEVEL = 0;
				GCC_PREPROCESSOR_DEFINITIONS = (
					"DEBUG=1",
					"$(inherited)",
				);
				GCC_WARN_64_TO_32_BIT_CONVERSION = YES;
				GCC_WARN_ABOUT_RETURN_TYPE = YES_ERROR;
				GCC_WARN_UNDECLARED_SELECTOR = YES;
				GCC_WARN_UNINITIALIZED_AUTOS = YES_AGGRESSIVE;
				GCC_WARN_UNUSED_FUNCTION = YES;
				GCC_WARN_UNUSED_VARIABLE = YES;
				IPHONEOS_DEPLOYMENT_TARGET = 10.2;
				MTL_ENABLE_DEBUG_INFO = YES;
				ONLY_ACTIVE_ARCH = YES;
				SDKROOT = iphoneos;
				SWIFT_ACTIVE_COMPILATION_CONDITIONS = DEBUG;
				SWIFT_OPTIMIZATION_LEVEL = "-Onone";
				TARGETED_DEVICE_FAMILY = "1,2";
			};
			name = Debug;
		};
		F08A520D1E8B02F900DE5516 /* Release */ = {
			isa = XCBuildConfiguration;
			buildSettings = {
				ALWAYS_SEARCH_USER_PATHS = NO;
				CLANG_ANALYZER_NONNULL = YES;
				CLANG_CXX_LANGUAGE_STANDARD = "gnu++0x";
				CLANG_CXX_LIBRARY = "libc++";
				CLANG_ENABLE_MODULES = YES;
				CLANG_ENABLE_OBJC_ARC = YES;
				CLANG_WARN_BOOL_CONVERSION = YES;
				CLANG_WARN_CONSTANT_CONVERSION = YES;
				CLANG_WARN_DIRECT_OBJC_ISA_USAGE = YES_ERROR;
				CLANG_WARN_DOCUMENTATION_COMMENTS = YES;
				CLANG_WARN_EMPTY_BODY = YES;
				CLANG_WARN_ENUM_CONVERSION = YES;
				CLANG_WARN_INFINITE_RECURSION = YES;
				CLANG_WARN_INT_CONVERSION = YES;
				CLANG_WARN_OBJC_ROOT_CLASS = YES_ERROR;
				CLANG_WARN_SUSPICIOUS_MOVE = YES;
				CLANG_WARN_UNREACHABLE_CODE = YES;
				CLANG_WARN__DUPLICATE_METHOD_MATCH = YES;
				"CODE_SIGN_IDENTITY[sdk=iphoneos*]" = "iPhone Developer";
				COPY_PHASE_STRIP = NO;
				DEBUG_INFORMATION_FORMAT = "dwarf-with-dsym";
				ENABLE_NS_ASSERTIONS = NO;
				ENABLE_STRICT_OBJC_MSGSEND = YES;
				GCC_C_LANGUAGE_STANDARD = gnu99;
				GCC_NO_COMMON_BLOCKS = YES;
				GCC_WARN_64_TO_32_BIT_CONVERSION = YES;
				GCC_WARN_ABOUT_RETURN_TYPE = YES_ERROR;
				GCC_WARN_UNDECLARED_SELECTOR = YES;
				GCC_WARN_UNINITIALIZED_AUTOS = YES_AGGRESSIVE;
				GCC_WARN_UNUSED_FUNCTION = YES;
				GCC_WARN_UNUSED_VARIABLE = YES;
				IPHONEOS_DEPLOYMENT_TARGET = 10.2;
				MTL_ENABLE_DEBUG_INFO = NO;
				SDKROOT = iphoneos;
				SWIFT_OPTIMIZATION_LEVEL = "-Owholemodule";
				TARGETED_DEVICE_FAMILY = "1,2";
				VALIDATE_PRODUCT = YES;
			};
			name = Release;
		};
		F08A520F1E8B02F900DE5516 /* Debug */ = {
			isa = XCBuildConfiguration;
			buildSettings = {
				ASSETCATALOG_COMPILER_APPICON_NAME = AppIcon;
				DEVELOPMENT_TEAM = XBUHU765D2;
				INFOPLIST_FILE = ARHSFinal/Info.plist;
				LD_RUNPATH_SEARCH_PATHS = "$(inherited) @executable_path/Frameworks";
				PRODUCT_BUNDLE_IDENTIFIER = com.Jandrade.ARHSFinal;
				PRODUCT_NAME = "$(TARGET_NAME)";
				SWIFT_VERSION = 3.0;
			};
			name = Debug;
		};
		F08A52101E8B02F900DE5516 /* Release */ = {
			isa = XCBuildConfiguration;
			buildSettings = {
				ASSETCATALOG_COMPILER_APPICON_NAME = AppIcon;
				DEVELOPMENT_TEAM = XBUHU765D2;
				INFOPLIST_FILE = ARHSFinal/Info.plist;
				LD_RUNPATH_SEARCH_PATHS = "$(inherited) @executable_path/Frameworks";
				PRODUCT_BUNDLE_IDENTIFIER = com.Jandrade.ARHSFinal;
				PRODUCT_NAME = "$(TARGET_NAME)";
				SWIFT_VERSION = 3.0;
			};
			name = Release;
		};
		F08A52121E8B02F900DE5516 /* Debug */ = {
			isa = XCBuildConfiguration;
			buildSettings = {
				ALWAYS_EMBED_SWIFT_STANDARD_LIBRARIES = YES;
				BUNDLE_LOADER = "$(TEST_HOST)";
				DEVELOPMENT_TEAM = XBUHU765D2;
				INFOPLIST_FILE = ARHSFinalTests/Info.plist;
				LD_RUNPATH_SEARCH_PATHS = "$(inherited) @executable_path/Frameworks @loader_path/Frameworks";
				PRODUCT_BUNDLE_IDENTIFIER = com.Jandrade.ARHSFinalTests;
				PRODUCT_NAME = "$(TARGET_NAME)";
				SWIFT_VERSION = 3.0;
				TEST_HOST = "$(BUILT_PRODUCTS_DIR)/ARHSFinal.app/ARHSFinal";
			};
			name = Debug;
		};
		F08A52131E8B02F900DE5516 /* Release */ = {
			isa = XCBuildConfiguration;
			buildSettings = {
				ALWAYS_EMBED_SWIFT_STANDARD_LIBRARIES = YES;
				BUNDLE_LOADER = "$(TEST_HOST)";
				DEVELOPMENT_TEAM = XBUHU765D2;
				INFOPLIST_FILE = ARHSFinalTests/Info.plist;
				LD_RUNPATH_SEARCH_PATHS = "$(inherited) @executable_path/Frameworks @loader_path/Frameworks";
				PRODUCT_BUNDLE_IDENTIFIER = com.Jandrade.ARHSFinalTests;
				PRODUCT_NAME = "$(TARGET_NAME)";
				SWIFT_VERSION = 3.0;
				TEST_HOST = "$(BUILT_PRODUCTS_DIR)/ARHSFinal.app/ARHSFinal";
			};
			name = Release;
		};
		F08A52151E8B02F900DE5516 /* Debug */ = {
			isa = XCBuildConfiguration;
			buildSettings = {
				ALWAYS_EMBED_SWIFT_STANDARD_LIBRARIES = YES;
				DEVELOPMENT_TEAM = XBUHU765D2;
				INFOPLIST_FILE = ARHSFinalUITests/Info.plist;
				LD_RUNPATH_SEARCH_PATHS = "$(inherited) @executable_path/Frameworks @loader_path/Frameworks";
				PRODUCT_BUNDLE_IDENTIFIER = com.Jandrade.ARHSFinalUITests;
				PRODUCT_NAME = "$(TARGET_NAME)";
				SWIFT_VERSION = 3.0;
				TEST_TARGET_NAME = ARHSFinal;
			};
			name = Debug;
		};
		F08A52161E8B02F900DE5516 /* Release */ = {
			isa = XCBuildConfiguration;
			buildSettings = {
				ALWAYS_EMBED_SWIFT_STANDARD_LIBRARIES = YES;
				DEVELOPMENT_TEAM = XBUHU765D2;
				INFOPLIST_FILE = ARHSFinalUITests/Info.plist;
				LD_RUNPATH_SEARCH_PATHS = "$(inherited) @executable_path/Frameworks @loader_path/Frameworks";
				PRODUCT_BUNDLE_IDENTIFIER = com.Jandrade.ARHSFinalUITests;
				PRODUCT_NAME = "$(TARGET_NAME)";
				SWIFT_VERSION = 3.0;
				TEST_TARGET_NAME = ARHSFinal;
			};
			name = Release;
		};
/* End XCBuildConfiguration section */

/* Begin XCConfigurationList section */
		F08A51DF1E8B02F800DE5516 /* Build configuration list for PBXProject "ARHSFinal" */ = {
			isa = XCConfigurationList;
			buildConfigurations = (
				F08A520C1E8B02F900DE5516 /* Debug */,
				F08A520D1E8B02F900DE5516 /* Release */,
			);
			defaultConfigurationIsVisible = 0;
			defaultConfigurationName = Release;
		};
		F08A520E1E8B02F900DE5516 /* Build configuration list for PBXNativeTarget "ARHSFinal" */ = {
			isa = XCConfigurationList;
			buildConfigurations = (
				F08A520F1E8B02F900DE5516 /* Debug */,
				F08A52101E8B02F900DE5516 /* Release */,
			);
			defaultConfigurationIsVisible = 0;
		};
		F08A52111E8B02F900DE5516 /* Build configuration list for PBXNativeTarget "ARHSFinalTests" */ = {
			isa = XCConfigurationList;
			buildConfigurations = (
				F08A52121E8B02F900DE5516 /* Debug */,
				F08A52131E8B02F900DE5516 /* Release */,
			);
			defaultConfigurationIsVisible = 0;
		};
		F08A52141E8B02F900DE5516 /* Build configuration list for PBXNativeTarget "ARHSFinalUITests" */ = {
			isa = XCConfigurationList;
			buildConfigurations = (
				F08A52151E8B02F900DE5516 /* Debug */,
				F08A52161E8B02F900DE5516 /* Release */,
			);
			defaultConfigurationIsVisible = 0;
		};
/* End XCConfigurationList section */
	};
	rootObject = F08A51DC1E8B02F800DE5516 /* Project object */;
}
